codeberg.org/go-pdf/fpdf v0.12.0 h1:g8E/1VqGqB2lZUUaqQrrTnA0IEJLPTTX1DZ0qS/ZmhU=
codeberg.org/go-pdf/fpdf v0.12.0/go.mod h1:WJNJ2bvCj81rZBdhOf7lKOGoSl+OKMXcIcXqDcP8r5Y=
github.com/coder/websocket v1.8.15 h1:6B2JPeOGlpff2Uz6vOEH1Vzpi0iUz20A+lPVhPHtNUA=
github.com/coder/websocket v1.8.15/go.mod h1:NX3SzP+inril6yawo5CQXx8+fk145lPDC6pumgx0mVg=
github.com/go-fonts/dejavu v0.3.4 h1:Qqyx9IOs5CQFxyWTdvddeWzrX0VNwUAvbmAzL0fpjbc=
github.com/go-fonts/dejavu v0.3.4/go.mod h1:D1z0DglIz+lmpeNYMYlxW4r22IhcdOYnt+R3PShU/Kg=
